Microsoft Visual Studio Solution File, Format Version 12.00
# Visual Studio Version 17
VisualStudioVersion = 17.5.2.0
MinimumVisualStudioVersion = 10.0.40219.1
Project("{FAE04EC0-301F-11D3-BF4B-00C04F79EFBC}") = "BlastServer.Infrastructure", "BlastServer.Infrastructure.csproj", "{75F19A0C-FABD-3C47-28EA-A735E4ACEA4C}"
EndProject
Global
	GlobalSection(SolutionConfigurationPlatforms) = preSolution
		Debug|Any CPU = Debug|Any CPU
		Release|Any CPU = Release|Any CPU
	EndGlobalSection
	GlobalSection(ProjectConfigurationPlatforms) = postSolution
		{75F19A0C-FABD-3C47-28EA-A735E4ACEA4C}.Debug|Any CPU.ActiveCfg = Debug|Any CPU
		{75F19A0C-FABD-3C47-28EA-A735E4ACEA4C}.Debug|Any CPU.Build.0 = Debug|Any CPU
		{75F19A0C-FABD-3C47-28EA-A735E4ACEA4C}.Release|Any CPU.ActiveCfg = Release|Any CPU
		{75F19A0C-FABD-3C47-28EA-A735E4ACEA4C}.Release|Any CPU.Build.0 = Release|Any CPU
	EndGlobalSection
	GlobalSection(SolutionProperties) = preSolution
		HideSolutionNode = FALSE
	EndGlobalSection
	GlobalSection(ExtensibilityGlobals) = postSolution
		SolutionGuid = {A7C434BE-C8FF-44AC-ABDF-FFDD938B8647}
	EndGlobalSection
EndGlobal
